// !$*UTF8*$!
{
	archiveVersion = 1;
	classes = {
	};
	objectVersion = 50;
	objects = {

/* Begin PBXBuildFile section */
		088371293A723B7BDD7AA3D7 /* Pods_MyTimeSW.framework in Frameworks */ = {isa = PBXBuildFile; fileRef = 79F9AA7570062A7E9E2035C6 /* Pods_MyTimeSW.framework */; };
		20BA36DD226E3B0478E39D93 /* Pods_MyTimeSWTests.framework in Frameworks */ = {isa = PBXBuildFile; fileRef = E0E1C59F30485575F55ACE31 /* Pods_MyTimeSWTests.framework */; };
		EA0F40072238F6D80095F368 /* AppDelegate.swift in Sources */ = {isa = PBXBuildFile; fileRef = EA0F40062238F6D80095F368 /* AppDelegate.swift */; };
		EA0F40092238F6D80095F368 /* MainNavigationViewController.swift in Sources */ = {isa = PBXBuildFile; fileRef = EA0F40082238F6D80095F368 /* MainNavigationViewController.swift */; };
		EA0F400E2238F6DB0095F368 /* Assets.xcassets in Resources */ = {isa = PBXBuildFile; fileRef = EA0F400D2238F6DB0095F368 /* Assets.xcassets */; };
		EA0F40112238F6DB0095F368 /* LaunchScreen.storyboard in Resources */ = {isa = PBXBuildFile; fileRef = EA0F400F2238F6DB0095F368 /* LaunchScreen.storyboard */; };
		EA0F401C2238F6DB0095F368 /* MyTimeSWTests.swift in Sources */ = {isa = PBXBuildFile; fileRef = EA0F401B2238F6DB0095F368 /* MyTimeSWTests.swift */; };
		EA0F40292238FA5B0095F368 /* SignInViewController.swift in Sources */ = {isa = PBXBuildFile; fileRef = EA0F40282238FA5B0095F368 /* SignInViewController.swift */; };
		EA0F402C223900130095F368 /* LPSColors.swift in Sources */ = {isa = PBXBuildFile; fileRef = EA0F402B223900130095F368 /* LPSColors.swift */; };
		EA0F402F223901D50095F368 /* HomeViewController.swift in Sources */ = {isa = PBXBuildFile; fileRef = EA0F402E223901D50095F368 /* HomeViewController.swift */; };
		EA0F40312239F71B0095F368 /* LPSFonts.swift in Sources */ = {isa = PBXBuildFile; fileRef = EA0F40302239F71B0095F368 /* LPSFonts.swift */; };
		EA0F40372239F7FD0095F368 /* Quicksand-Medium.ttf in Resources */ = {isa = PBXBuildFile; fileRef = EA0F40342239F7FC0095F368 /* Quicksand-Medium.ttf */; };
		EA0F40382239F7FD0095F368 /* Raleway-Regular.ttf in Resources */ = {isa = PBXBuildFile; fileRef = EA0F40352239F7FD0095F368 /* Raleway-Regular.ttf */; };
		EA0F40392239F7FD0095F368 /* Quicksand-Regular.ttf in Resources */ = {isa = PBXBuildFile; fileRef = EA0F40362239F7FD0095F368 /* Quicksand-Regular.ttf */; };
		EA0F403B223F1E680095F368 /* MTDefaults.swift in Sources */ = {isa = PBXBuildFile; fileRef = EA0F403A223F1E680095F368 /* MTDefaults.swift */; };
		EA0F403D223F20970095F368 /* ProcessSignInViewController.swift in Sources */ = {isa = PBXBuildFile; fileRef = EA0F403C223F20970095F368 /* ProcessSignInViewController.swift */; };
		EA0F403F223F2D200095F368 /* MTApi.swift in Sources */ = {isa = PBXBuildFile; fileRef = EA0F403E223F2D200095F368 /* MTApi.swift */; };
		EAAADBEF223F9AAC00E5CA3A /* UserProfile.swift in Sources */ = {isa = PBXBuildFile; fileRef = EAAADBEE223F9AAC00E5CA3A /* UserProfile.swift */; };
		EAAADBF122406D6200E5CA3A /* KFAddons.swift in Sources */ = {isa = PBXBuildFile; fileRef = EAAADBF022406D6100E5CA3A /* KFAddons.swift */; };
		EAAADBF42240834400E5CA3A /* DayView.swift in Sources */ = {isa = PBXBuildFile; fileRef = EAAADBF32240834400E5CA3A /* DayView.swift */; };
		EAAADBF62240942F00E5CA3A /* TimesheetLog.swift in Sources */ = {isa = PBXBuildFile; fileRef = EAAADBF52240942F00E5CA3A /* TimesheetLog.swift */; };
		EAAADC0D22418F1500E5CA3A /* TimesheetLogCell.swift in Sources */ = {isa = PBXBuildFile; fileRef = EAAADC0C22418F1400E5CA3A /* TimesheetLogCell.swift */; };
		EAC4B26A2241BDBF0039555F /* DateHelper.swift in Sources */ = {isa = PBXBuildFile; fileRef = EAC4B2692241BDBF0039555F /* DateHelper.swift */; };
		EAF14DD22241DD4400F97F23 /* PlacementCode.swift in Sources */ = {isa = PBXBuildFile; fileRef = EAF14DD12241DD4400F97F23 /* PlacementCode.swift */; };
		EAF14DD42241DE7000F97F23 /* Placement.swift in Sources */ = {isa = PBXBuildFile; fileRef = EAF14DD32241DE7000F97F23 /* Placement.swift */; };
/* End PBXBuildFile section */

/* Begin PBXContainerItemProxy section */
		EA0F40182238F6DB0095F368 /* PBXContainerItemProxy */ = {
			isa = PBXContainerItemProxy;
			containerPortal = EA0F3FFB2238F6D80095F368 /* Project object */;
			proxyType = 1;
			remoteGlobalIDString = EA0F40022238F6D80095F368;
			remoteInfo = MyTimeSW;
		};
/* End PBXContainerItemProxy section */

/* Begin PBXFileReference section */
		2BBDCD5878632805205F97CC /* Pods-MyTimeSW.debug.xcconfig */ = {isa = PBXFileReference; includeInIndex = 1; lastKnownFileType = text.xcconfig; name = "Pods-MyTimeSW.debug.xcconfig"; path = "Pods/Target Support Files/Pods-MyTimeSW/Pods-MyTimeSW.debug.xcconfig"; sourceTree = "<group>"; };
		3361FAFF2FEF1928BEE1BFA2 /* Pods-MyTimeSWTests.release.xcconfig */ = {isa = PBXFileReference; includeInIndex = 1; lastKnownFileType = text.xcconfig; name = "Pods-MyTimeSWTests.release.xcconfig"; path = "Pods/Target Support Files/Pods-MyTimeSWTests/Pods-MyTimeSWTests.release.xcconfig"; sourceTree = "<group>"; };
		3BF436BE53933BB320C990B4 /* Pods-MyTimeSWTests.debug.xcconfig */ = {isa = PBXFileReference; includeInIndex = 1; lastKnownFileType = text.xcconfig; name = "Pods-MyTimeSWTests.debug.xcconfig"; path = "Pods/Target Support Files/Pods-MyTimeSWTests/Pods-MyTimeSWTests.debug.xcconfig"; sourceTree = "<group>"; };
		79F9AA7570062A7E9E2035C6 /* Pods_MyTimeSW.framework */ = {isa = PBXFileReference; explicitFileType = wrapper.framework; includeInIndex = 0; path = Pods_MyTimeSW.framework; sourceTree = BUILT_PRODUCTS_DIR; };
		E0E1C59F30485575F55ACE31 /* Pods_MyTimeSWTests.framework */ = {isa = PBXFileReference; explicitFileType = wrapper.framework; includeInIndex = 0; path = Pods_MyTimeSWTests.framework; sourceTree = BUILT_PRODUCTS_DIR; };
		EA0F40032238F6D80095F368 /* MyTimeSW.app */ = {isa = PBXFileReference; explicitFileType = wrapper.application; includeInIndex = 0; path = MyTimeSW.app; sourceTree = BUILT_PRODUCTS_DIR; };
		EA0F40062238F6D80095F368 /* AppDelegate.swift */ = {isa = PBXFileReference; lastKnownFileType = sourcecode.swift; path = AppDelegate.swift; sourceTree = "<group>"; };
		EA0F40082238F6D80095F368 /* MainNavigationViewController.swift */ = {isa = PBXFileReference; lastKnownFileType = sourcecode.swift; path = MainNavigationViewController.swift; sourceTree = "<group>"; };
		EA0F400D2238F6DB0095F368 /* Assets.xcassets */ = {isa = PBXFileReference; lastKnownFileType = folder.assetcatalog; path = Assets.xcassets; sourceTree = "<group>"; };
		EA0F40102238F6DB0095F368 /* Base */ = {isa = PBXFileReference; lastKnownFileType = file.storyboard; name = Base; path = Base.lproj/LaunchScreen.storyboard; sourceTree = "<group>"; };
		EA0F40122238F6DB0095F368 /* Info.plist */ = {isa = PBXFileReference; lastKnownFileType = text.plist.xml; path = Info.plist; sourceTree = "<group>"; };
		EA0F40172238F6DB0095F368 /* MyTimeSWTests.xctest */ = {isa = PBXFileReference; explicitFileType = wrapper.cfbundle; includeInIndex = 0; path = MyTimeSWTests.xctest; sourceTree = BUILT_PRODUCTS_DIR; };
		EA0F401B2238F6DB0095F368 /* MyTimeSWTests.swift */ = {isa = PBXFileReference; lastKnownFileType = sourcecode.swift; path = MyTimeSWTests.swift; sourceTree = "<group>"; };
		EA0F401D2238F6DB0095F368 /* Info.plist */ = {isa = PBXFileReference; lastKnownFileType = text.plist.xml; path = Info.plist; sourceTree = "<group>"; };
		EA0F40282238FA5B0095F368 /* SignInViewController.swift */ = {isa = PBXFileReference; lastKnownFileType = sourcecode.swift; path = SignInViewController.swift; sourceTree = "<group>"; };
		EA0F402B223900130095F368 /* LPSColors.swift */ = {isa = PBXFileReference; lastKnownFileType = sourcecode.swift; path = LPSColors.swift; sourceTree = "<group>"; };
		EA0F402E223901D50095F368 /* HomeViewController.swift */ = {isa = PBXFileReference; lastKnownFileType = sourcecode.swift; path = HomeViewController.swift; sourceTree = "<group>"; };
		EA0F40302239F71B0095F368 /* LPSFonts.swift */ = {isa = PBXFileReference; lastKnownFileType = sourcecode.swift; path = LPSFonts.swift; sourceTree = "<group>"; };
		EA0F40342239F7FC0095F368 /* Quicksand-Medium.ttf */ = {isa = PBXFileReference; lastKnownFileType = file; path = "Quicksand-Medium.ttf"; sourceTree = "<group>"; };
		EA0F40352239F7FD0095F368 /* Raleway-Regular.ttf */ = {isa = PBXFileReference; lastKnownFileType = file; path = "Raleway-Regular.ttf"; sourceTree = "<group>"; };
		EA0F40362239F7FD0095F368 /* Quicksand-Regular.ttf */ = {isa = PBXFileReference; lastKnownFileType = file; path = "Quicksand-Regular.ttf"; sourceTree = "<group>"; };
		EA0F403A223F1E680095F368 /* MTDefaults.swift */ = {isa = PBXFileReference; lastKnownFileType = sourcecode.swift; path = MTDefaults.swift; sourceTree = "<group>"; };
		EA0F403C223F20970095F368 /* ProcessSignInViewController.swift */ = {isa = PBXFileReference; lastKnownFileType = sourcecode.swift; path = ProcessSignInViewController.swift; sourceTree = "<group>"; };
		EA0F403E223F2D200095F368 /* MTApi.swift */ = {isa = PBXFileReference; lastKnownFileType = sourcecode.swift; path = MTApi.swift; sourceTree = "<group>"; };
		EAAADBEE223F9AAC00E5CA3A /* UserProfile.swift */ = {isa = PBXFileReference; lastKnownFileType = sourcecode.swift; path = UserProfile.swift; sourceTree = "<group>"; };
		EAAADBF022406D6100E5CA3A /* KFAddons.swift */ = {isa = PBXFileReference; lastKnownFileType = sourcecode.swift; path = KFAddons.swift; sourceTree = "<group>"; };
		EAAADBF32240834400E5CA3A /* DayView.swift */ = {isa = PBXFileReference; lastKnownFileType = sourcecode.swift; path = DayView.swift; sourceTree = "<group>"; };
		EAAADBF52240942F00E5CA3A /* TimesheetLog.swift */ = {isa = PBXFileReference; lastKnownFileType = sourcecode.swift; path = TimesheetLog.swift; sourceTree = "<group>"; };
		EAAADC0C22418F1400E5CA3A /* TimesheetLogCell.swift */ = {isa = PBXFileReference; lastKnownFileType = sourcecode.swift; path = TimesheetLogCell.swift; sourceTree = "<group>"; };
		EAC4B2692241BDBF0039555F /* DateHelper.swift */ = {isa = PBXFileReference; lastKnownFileType = sourcecode.swift; path = DateHelper.swift; sourceTree = "<group>"; };
		EAF14DD12241DD4400F97F23 /* PlacementCode.swift */ = {isa = PBXFileReference; lastKnownFileType = sourcecode.swift; path = PlacementCode.swift; sourceTree = "<group>"; };
		EAF14DD32241DE7000F97F23 /* Placement.swift */ = {isa = PBXFileReference; lastKnownFileType = sourcecode.swift; path = Placement.swift; sourceTree = "<group>"; };
		FF2468F31379D78AEBA2DFD4 /* Pods-MyTimeSW.release.xcconfig */ = {isa = PBXFileReference; includeInIndex = 1; lastKnownFileType = text.xcconfig; name = "Pods-MyTimeSW.release.xcconfig"; path = "Pods/Target Support Files/Pods-MyTimeSW/Pods-MyTimeSW.release.xcconfig"; sourceTree = "<group>"; };
/* End PBXFileReference section */

/* Begin PBXFrameworksBuildPhase section */
		EA0F40002238F6D80095F368 /* Frameworks */ = {
			isa = PBXFrameworksBuildPhase;
			buildActionMask = 2147483647;
			files = (
				088371293A723B7BDD7AA3D7 /* Pods_MyTimeSW.framework in Frameworks */,
			);
			runOnlyForDeploymentPostprocessing = 0;
		};
		EA0F40142238F6DB0095F368 /* Frameworks */ = {
			isa = PBXFrameworksBuildPhase;
			buildActionMask = 2147483647;
			files = (
				20BA36DD226E3B0478E39D93 /* Pods_MyTimeSWTests.framework in Frameworks */,
			);
			runOnlyForDeploymentPostprocessing = 0;
		};
/* End PBXFrameworksBuildPhase section */

/* Begin PBXGroup section */
		EA0F3FFA2238F6D80095F368 = {
			isa = PBXGroup;
			children = (
				EA0F40052238F6D80095F368 /* MyTimeSW */,
				EA0F401A2238F6DB0095F368 /* MyTimeSWTests */,
				EA0F40042238F6D80095F368 /* Products */,
				FB669DF140552B195B2858DB /* Pods */,
				F0C2A648865DAEA6B314D7D3 /* Frameworks */,
			);
			sourceTree = "<group>";
		};
		EA0F40042238F6D80095F368 /* Products */ = {
			isa = PBXGroup;
			children = (
				EA0F40032238F6D80095F368 /* MyTimeSW.app */,
				EA0F40172238F6DB0095F368 /* MyTimeSWTests.xctest */,
			);
			name = Products;
			sourceTree = "<group>";
		};
		EA0F40052238F6D80095F368 /* MyTimeSW */ = {
			isa = PBXGroup;
			children = (
				EA0F40262238F99F0095F368 /* Containers */,
				EAAADBF22240833200E5CA3A /* Components */,
				EAAADBED223F9A9900E5CA3A /* Models */,
				EA0F402A223900040095F368 /* Utilities */,
				EA0F40322239F7670095F368 /* Assets */,
				EA0F40062238F6D80095F368 /* AppDelegate.swift */,
				EA0F400F2238F6DB0095F368 /* LaunchScreen.storyboard */,
				EA0F40122238F6DB0095F368 /* Info.plist */,
			);
			path = MyTimeSW;
			sourceTree = "<group>";
		};
		EA0F401A2238F6DB0095F368 /* MyTimeSWTests */ = {
			isa = PBXGroup;
			children = (
				EA0F401B2238F6DB0095F368 /* MyTimeSWTests.swift */,
				EA0F401D2238F6DB0095F368 /* Info.plist */,
			);
			path = MyTimeSWTests;
			sourceTree = "<group>";
		};
		EA0F40262238F99F0095F368 /* Containers */ = {
			isa = PBXGroup;
			children = (
				EA0F402D223901BE0095F368 /* Home */,
				EA0F40272238F9B20095F368 /* Authentication */,
				EA0F40082238F6D80095F368 /* MainNavigationViewController.swift */,
			);
			path = Containers;
			sourceTree = "<group>";
		};
		EA0F40272238F9B20095F368 /* Authentication */ = {
			isa = PBXGroup;
			children = (
				EA0F40282238FA5B0095F368 /* SignInViewController.swift */,
				EA0F403C223F20970095F368 /* ProcessSignInViewController.swift */,
			);
			path = Authentication;
			sourceTree = "<group>";
		};
		EA0F402A223900040095F368 /* Utilities */ = {
			isa = PBXGroup;
			children = (
				EA0F402B223900130095F368 /* LPSColors.swift */,
				EA0F40302239F71B0095F368 /* LPSFonts.swift */,
				EA0F403A223F1E680095F368 /* MTDefaults.swift */,
				EA0F403E223F2D200095F368 /* MTApi.swift */,
				EAAADBF022406D6100E5CA3A /* KFAddons.swift */,
				EAC4B2692241BDBF0039555F /* DateHelper.swift */,
			);
			path = Utilities;
			sourceTree = "<group>";
		};
		EA0F402D223901BE0095F368 /* Home */ = {
			isa = PBXGroup;
			children = (
				EA0F402E223901D50095F368 /* HomeViewController.swift */,
			);
			path = Home;
			sourceTree = "<group>";
		};
		EA0F40322239F7670095F368 /* Assets */ = {
			isa = PBXGroup;
			children = (
				EA0F40332239F77B0095F368 /* Fonts */,
				EA0F400D2238F6DB0095F368 /* Assets.xcassets */,
			);
			path = Assets;
			sourceTree = "<group>";
		};
		EA0F40332239F77B0095F368 /* Fonts */ = {
			isa = PBXGroup;
			children = (
				EA0F40342239F7FC0095F368 /* Quicksand-Medium.ttf */,
				EA0F40362239F7FD0095F368 /* Quicksand-Regular.ttf */,
				EA0F40352239F7FD0095F368 /* Raleway-Regular.ttf */,
			);
			path = Fonts;
			sourceTree = "<group>";
		};
		EAAADBED223F9A9900E5CA3A /* Models */ = {
			isa = PBXGroup;
			children = (
				EAAADBEE223F9AAC00E5CA3A /* UserProfile.swift */,
				EAAADBF52240942F00E5CA3A /* TimesheetLog.swift */,
				EAF14DD12241DD4400F97F23 /* PlacementCode.swift */,
				EAF14DD32241DE7000F97F23 /* Placement.swift */,
			);
			path = Models;
			sourceTree = "<group>";
		};
		EAAADBF22240833200E5CA3A /* Components */ = {
			isa = PBXGroup;
			children = (
				EAAADBF32240834400E5CA3A /* DayView.swift */,
				EAAADC0C22418F1400E5CA3A /* TimesheetLogCell.swift */,
			);
			path = Components;
			sourceTree = "<group>";
		};
		F0C2A648865DAEA6B314D7D3 /* Frameworks */ = {
			isa = PBXGroup;
			children = (
				79F9AA7570062A7E9E2035C6 /* Pods_MyTimeSW.framework */,
				E0E1C59F30485575F55ACE31 /* Pods_MyTimeSWTests.framework */,
			);
			name = Frameworks;
			sourceTree = "<group>";
		};
		FB669DF140552B195B2858DB /* Pods */ = {
			isa = PBXGroup;
			children = (
				2BBDCD5878632805205F97CC /* Pods-MyTimeSW.debug.xcconfig */,
				FF2468F31379D78AEBA2DFD4 /* Pods-MyTimeSW.release.xcconfig */,
				3BF436BE53933BB320C990B4 /* Pods-MyTimeSWTests.debug.xcconfig */,
				3361FAFF2FEF1928BEE1BFA2 /* Pods-MyTimeSWTests.release.xcconfig */,
			);
			name = Pods;
			sourceTree = "<group>";
		};
/* End PBXGroup section */

/* Begin PBXNativeTarget section */
		EA0F40022238F6D80095F368 /* MyTimeSW */ = {
			isa = PBXNativeTarget;
			buildConfigurationList = EA0F40202238F6DB0095F368 /* Build configuration list for PBXNativeTarget "MyTimeSW" */;
			buildPhases = (
				5D74F513B9E005774D24099E /* [CP] Check Pods Manifest.lock */,
				EA0F3FFF2238F6D80095F368 /* Sources */,
				EA0F40002238F6D80095F368 /* Frameworks */,
				EA0F40012238F6D80095F368 /* Resources */,
				3064977DBEC21F9DF79E9D84 /* [CP] Embed Pods Frameworks */,
			);
			buildRules = (
			);
			dependencies = (
			);
			name = MyTimeSW;
			productName = MyTimeSW;
			productReference = EA0F40032238F6D80095F368 /* MyTimeSW.app */;
			productType = "com.apple.product-type.application";
		};
		EA0F40162238F6DB0095F368 /* MyTimeSWTests */ = {
			isa = PBXNativeTarget;
			buildConfigurationList = EA0F40232238F6DB0095F368 /* Build configuration list for PBXNativeTarget "MyTimeSWTests" */;
			buildPhases = (
				BAD830970F17C15A9B839055 /* [CP] Check Pods Manifest.lock */,
				EA0F40132238F6DB0095F368 /* Sources */,
				EA0F40142238F6DB0095F368 /* Frameworks */,
				EA0F40152238F6DB0095F368 /* Resources */,
			);
			buildRules = (
			);
			dependencies = (
				EA0F40192238F6DB0095F368 /* PBXTargetDependency */,
			);
			name = MyTimeSWTests;
			productName = MyTimeSWTests;
			productReference = EA0F40172238F6DB0095F368 /* MyTimeSWTests.xctest */;
			productType = "com.apple.product-type.bundle.unit-test";
		};
/* End PBXNativeTarget section */

/* Begin PBXProject section */
		EA0F3FFB2238F6D80095F368 /* Project object */ = {
			isa = PBXProject;
			attributes = {
				LastSwiftUpdateCheck = 1010;
				LastUpgradeCheck = 1010;
				ORGANIZATIONNAME = "Timothy Santiago";
				TargetAttributes = {
					EA0F40022238F6D80095F368 = {
						CreatedOnToolsVersion = 10.1;
					};
					EA0F40162238F6DB0095F368 = {
						CreatedOnToolsVersion = 10.1;
						TestTargetID = EA0F40022238F6D80095F368;
					};
				};
			};
			buildConfigurationList = EA0F3FFE2238F6D80095F368 /* Build configuration list for PBXProject "MyTimeSW" */;
			compatibilityVersion = "Xcode 9.3";
			developmentRegion = en;
			hasScannedForEncodings = 0;
			knownRegions = (
				en,
				Base,
			);
			mainGroup = EA0F3FFA2238F6D80095F368;
			productRefGroup = EA0F40042238F6D80095F368 /* Products */;
			projectDirPath = "";
			projectRoot = "";
			targets = (
				EA0F40022238F6D80095F368 /* MyTimeSW */,
				EA0F40162238F6DB0095F368 /* MyTimeSWTests */,
			);
		};
/* End PBXProject section */

/* Begin PBXResourcesBuildPhase section */
		EA0F40012238F6D80095F368 /* Resources */ = {
			isa = PBXResourcesBuildPhase;
			buildActionMask = 2147483647;
			files = (
				EA0F40112238F6DB0095F368 /* LaunchScreen.storyboard in Resources */,
				EA0F400E2238F6DB0095F368 /* Assets.xcassets in Resources */,
				EA0F40372239F7FD0095F368 /* Quicksand-Medium.ttf in Resources */,
				EA0F40382239F7FD0095F368 /* Raleway-Regular.ttf in Resources */,
				EA0F40392239F7FD0095F368 /* Quicksand-Regular.ttf in Resources */,
			);
			runOnlyForDeploymentPostprocessing = 0;
		};
		EA0F40152238F6DB0095F368 /* Resources */ = {
			isa = PBXResourcesBuildPhase;
			buildActionMask = 2147483647;
			files = (
			);
			runOnlyForDeploymentPostprocessing = 0;
		};
/* End PBXResourcesBuildPhase section */

/* Begin PBXShellScriptBuildPhase section */
		3064977DBEC21F9DF79E9D84 /* [CP] Embed Pods Frameworks */ = {
			isa = PBXShellScriptBuildPhase;
			buildActionMask = 2147483647;
			files = (
			);
			inputFileListPaths = (
			);
			inputPaths = (
				"${SRCROOT}/Pods/Target Support Files/Pods-MyTimeSW/Pods-MyTimeSW-frameworks.sh",
				"${BUILT_PRODUCTS_DIR}/Alamofire/Alamofire.framework",
				"${BUILT_PRODUCTS_DIR}/Kingfisher/Kingfisher.framework",
				"${BUILT_PRODUCTS_DIR}/MaterialDesignSymbol/MaterialDesignSymbol.framework",
				"${BUILT_PRODUCTS_DIR}/SharkORM/SharkORM.framework",
				"${BUILT_PRODUCTS_DIR}/SwiftyJSON/SwiftyJSON.framework",
				"${BUILT_PRODUCTS_DIR}/UIFontComplete/UIFontComplete.framework",
			);
			name = "[CP] Embed Pods Frameworks";
			outputFileListPaths = (
			);
			outputPaths = (
				"${TARGET_BUILD_DIR}/${FRAMEWORKS_FOLDER_PATH}/Alamofire.framework",
				"${TARGET_BUILD_DIR}/${FRAMEWORKS_FOLDER_PATH}/Kingfisher.framework",
				"${TARGET_BUILD_DIR}/${FRAMEWORKS_FOLDER_PATH}/MaterialDesignSymbol.framework",
				"${TARGET_BUILD_DIR}/${FRAMEWORKS_FOLDER_PATH}/SharkORM.framework",
				"${TARGET_BUILD_DIR}/${FRAMEWORKS_FOLDER_PATH}/SwiftyJSON.framework",
				"${TARGET_BUILD_DIR}/${FRAMEWORKS_FOLDER_PATH}/UIFontComplete.framework",
			);
			runOnlyForDeploymentPostprocessing = 0;
			shellPath = /bin/sh;
			shellScript = "\"${SRCROOT}/Pods/Target Support Files/Pods-MyTimeSW/Pods-MyTimeSW-frameworks.sh\"\n";
			showEnvVarsInLog = 0;
		};
		5D74F513B9E005774D24099E /* [CP] Check Pods Manifest.lock */ = {
			isa = PBXShellScriptBuildPhase;
			buildActionMask = 2147483647;
			files = (
			);
			inputFileListPaths = (
			);
			inputPaths = (
				"${PODS_PODFILE_DIR_PATH}/Podfile.lock",
				"${PODS_ROOT}/Manifest.lock",
			);
			name = "[CP] Check Pods Manifest.lock";
			outputFileListPaths = (
			);
			outputPaths = (
				"$(DERIVED_FILE_DIR)/Pods-MyTimeSW-checkManifestLockResult.txt",
			);
			runOnlyForDeploymentPostprocessing = 0;
			shellPath = /bin/sh;
			shellScript = "diff \"${PODS_PODFILE_DIR_PATH}/Podfile.lock\" \"${PODS_ROOT}/Manifest.lock\" > /dev/null\nif [ $? != 0 ] ; then\n    # print error to STDERR\n    echo \"error: The sandbox is not in sync with the Podfile.lock. Run 'pod install' or update your CocoaPods installation.\" >&2\n    exit 1\nfi\n# This output is used by Xcode 'outputs' to avoid re-running this script phase.\necho \"SUCCESS\" > \"${SCRIPT_OUTPUT_FILE_0}\"\n";
			showEnvVarsInLog = 0;
		};
		BAD830970F17C15A9B839055 /* [CP] Check Pods Manifest.lock */ = {
			isa = PBXShellScriptBuildPhase;
			buildActionMask = 2147483647;
			files = (
			);
			inputFileListPaths = (
			);
			inputPaths = (
				"${PODS_PODFILE_DIR_PATH}/Podfile.lock",
				"${PODS_ROOT}/Manifest.lock",
			);
			name = "[CP] Check Pods Manifest.lock";
			outputFileListPaths = (
			);
			outputPaths = (
				"$(DERIVED_FILE_DIR)/Pods-MyTimeSWTests-checkManifestLockResult.txt",
			);
			runOnlyForDeploymentPostprocessing = 0;
			shellPath = /bin/sh;
			shellScript = "diff \"${PODS_PODFILE_DIR_PATH}/Podfile.lock\" \"${PODS_ROOT}/Manifest.lock\" > /dev/null\nif [ $? != 0 ] ; then\n    # print error to STDERR\n    echo \"error: The sandbox is not in sync with the Podfile.lock. Run 'pod install' or update your CocoaPods installation.\" >&2\n    exit 1\nfi\n# This output is used by Xcode 'outputs' to avoid re-running this script phase.\necho \"SUCCESS\" > \"${SCRIPT_OUTPUT_FILE_0}\"\n";
			showEnvVarsInLog = 0;
		};
/* End PBXShellScriptBuildPhase section */

/* Begin PBXSourcesBuildPhase section */
		EA0F3FFF2238F6D80095F368 /* Sources */ = {
			isa = PBXSourcesBuildPhase;
			buildActionMask = 2147483647;
			files = (
				EAC4B26A2241BDBF0039555F /* DateHelper.swift in Sources */,
				EA0F402F223901D50095F368 /* HomeViewController.swift in Sources */,
				EAF14DD22241DD4400F97F23 /* PlacementCode.swift in Sources */,
				EAAADBF42240834400E5CA3A /* DayView.swift in Sources */,
				EA0F403F223F2D200095F368 /* MTApi.swift in Sources */,
				EAAADBEF223F9AAC00E5CA3A /* UserProfile.swift in Sources */,
				EAAADBF122406D6200E5CA3A /* KFAddons.swift in Sources */,
				EA0F403B223F1E680095F368 /* MTDefaults.swift in Sources */,
				EA0F40092238F6D80095F368 /* MainNavigationViewController.swift in Sources */,
				EA0F40312239F71B0095F368 /* LPSFonts.swift in Sources */,
				EAF14DD42241DE7000F97F23 /* Placement.swift in Sources */,
				EA0F402C223900130095F368 /* LPSColors.swift in Sources */,
				EAAADC0D22418F1500E5CA3A /* TimesheetLogCell.swift in Sources */,
				EAAADBF62240942F00E5CA3A /* TimesheetLog.swift in Sources */,
				EA0F40072238F6D80095F368 /* AppDelegate.swift in Sources */,
				EA0F403D223F20970095F368 /* ProcessSignInViewController.swift in Sources */,
				EA0F40292238FA5B0095F368 /* SignInViewController.swift in Sources */,
			);
			runOnlyForDeploymentPostprocessing = 0;
		};
		EA0F40132238F6DB0095F368 /* Sources */ = {
			isa = PBXSourcesBuildPhase;
			buildActionMask = 2147483647;
			files = (
				EA0F401C2238F6DB0095F368 /* MyTimeSWTests.swift in Sources */,
			);
			runOnlyForDeploymentPostprocessing = 0;
		};
/* End PBXSourcesBuildPhase section */

/* Begin PBXTargetDependency section */
		EA0F40192238F6DB0095F368 /* PBXTargetDependency */ = {
			isa = PBXTargetDependency;
			target = EA0F40022238F6D80095F368 /* MyTimeSW */;
			targetProxy = EA0F40182238F6DB0095F368 /* PBXContainerItemProxy */;
		};
/* End PBXTargetDependency section */

/* Begin PBXVariantGroup section */
		EA0F400F2238F6DB0095F368 /* LaunchScreen.storyboard */ = {
			isa = PBXVariantGroup;
			children = (
				EA0F40102238F6DB0095F368 /* Base */,
			);
			name = LaunchScreen.storyboard;
			sourceTree = "<group>";
		};
/* End PBXVariantGroup section */

/* Begin XCBuildConfiguration section */
		EA0F401E2238F6DB0095F368 /* Debug */ = {
			isa = XCBuildConfiguration;
			buildSettings = {
				ALWAYS_SEARCH_USER_PATHS = NO;
				CLANG_ANALYZER_NONNULL = YES;
				CLANG_ANALYZER_NUMBER_OBJECT_CONVERSION = YES_AGGRESSIVE;
				CLANG_CXX_LANGUAGE_STANDARD = "gnu++14";
				CLANG_CXX_LIBRARY = "libc++";
				CLANG_ENABLE_MODULES = YES;
				CLANG_ENABLE_OBJC_ARC = YES;
				CLANG_ENABLE_OBJC_WEAK = YES;
				CLANG_WARN_BLOCK_CAPTURE_AUTORELEASING = YES;
				CLANG_WARN_BOOL_CONVERSION = YES;
				CLANG_WARN_COMMA = YES;
				CLANG_WARN_CONSTANT_CONVERSION = YES;
				CLANG_WARN_DEPRECATED_OBJC_IMPLEMENTATIONS = YES;
				CLANG_WARN_DIRECT_OBJC_ISA_USAGE = YES_ERROR;
				CLANG_WARN_DOCUMENTATION_COMMENTS = YES;
				CLANG_WARN_EMPTY_BODY = YES;
				CLANG_WARN_ENUM_CONVERSION = YES;
				CLANG_WARN_INFINITE_RECURSION = YES;
				CLANG_WARN_INT_CONVERSION = YES;
				CLANG_WARN_NON_LITERAL_NULL_CONVERSION = YES;
				CLANG_WARN_OBJC_IMPLICIT_RETAIN_SELF = YES;
				CLANG_WARN_OBJC_LITERAL_CONVERSION = YES;
				CLANG_WARN_OBJC_ROOT_CLASS = YES_ERROR;
				CLANG_WARN_RANGE_LOOP_ANALYSIS = YES;
				CLANG_WARN_STRICT_PROTOTYPES = YES;
				CLANG_WARN_SUSPICIOUS_MOVE = YES;
				CLANG_WARN_UNGUARDED_AVAILABILITY = YES_AGGRESSIVE;
				CLANG_WARN_UNREACHABLE_CODE = YES;
				CLANG_WARN__DUPLICATE_METHOD_MATCH = YES;
				CODE_SIGN_IDENTITY = "iPhone Developer";
				COPY_PHASE_STRIP = NO;
				DEBUG_INFORMATION_FORMAT = dwarf;
				ENABLE_STRICT_OBJC_MSGSEND = YES;
				ENABLE_TESTABILITY = YES;
				GCC_C_LANGUAGE_STANDARD = gnu11;
				GCC_DYNAMIC_NO_PIC = NO;
				GCC_NO_COMMON_BLOCKS = YES;
				GCC_OPTIMIZATION_LEVEL = 0;
				GCC_PREPROCESSOR_DEFINITIONS = (
					"DEBUG=1",
					"$(inherited)",
				);
				GCC_WARN_64_TO_32_BIT_CONVERSION = YES;
				GCC_WARN_ABOUT_RETURN_TYPE = YES_ERROR;
				GCC_WARN_UNDECLARED_SELECTOR = YES;
				GCC_WARN_UNINITIALIZED_AUTOS = YES_AGGRESSIVE;
				GCC_WARN_UNUSED_FUNCTION = YES;
				GCC_WARN_UNUSED_VARIABLE = YES;
				IPHONEOS_DEPLOYMENT_TARGET = 12.1;
				MTL_ENABLE_DEBUG_INFO = INCLUDE_SOURCE;
				MTL_FAST_MATH = YES;
				ONLY_ACTIVE_ARCH = YES;
				SDKROOT = iphoneos;
				SWIFT_ACTIVE_COMPILATION_CONDITIONS = DEBUG;
				SWIFT_OPTIMIZATION_LEVEL = "-Onone";
			};
			name = Debug;
		};
		EA0F401F2238F6DB0095F368 /* Release */ = {
			isa = XCBuildConfiguration;
			buildSettings = {
				ALWAYS_SEARCH_USER_PATHS = NO;
				CLANG_ANALYZER_NONNULL = YES;
				CLANG_ANALYZER_NUMBER_OBJECT_CONVERSION = YES_AGGRESSIVE;
				CLANG_CXX_LANGUAGE_STANDARD = "gnu++14";
				CLANG_CXX_LIBRARY = "libc++";
				CLANG_ENABLE_MODULES = YES;
				CLANG_ENABLE_OBJC_ARC = YES;
				CLANG_ENABLE_OBJC_WEAK = YES;
				CLANG_WARN_BLOCK_CAPTURE_AUTORELEASING = YES;
				CLANG_WARN_BOOL_CONVERSION = YES;
				CLANG_WARN_COMMA = YES;
				CLANG_WARN_CONSTANT_CONVERSION = YES;
				CLANG_WARN_DEPRECATED_OBJC_IMPLEMENTATIONS = YES;
				CLANG_WARN_DIRECT_OBJC_ISA_USAGE = YES_ERROR;
				CLANG_WARN_DOCUMENTATION_COMMENTS = YES;
				CLANG_WARN_EMPTY_BODY = YES;
				CLANG_WARN_ENUM_CONVERSION = YES;
				CLANG_WARN_INFINITE_RECURSION = YES;
				CLANG_WARN_INT_CONVERSION = YES;
				CLANG_WARN_NON_LITERAL_NULL_CONVERSION = YES;
				CLANG_WARN_OBJC_IMPLICIT_RETAIN_SELF = YES;
				CLANG_WARN_OBJC_LITERAL_CONVERSION = YES;
				CLANG_WARN_OBJC_ROOT_CLASS = YES_ERROR;
				CLANG_WARN_RANGE_LOOP_ANALYSIS = YES;
				CLANG_WARN_STRICT_PROTOTYPES = YES;
				CLANG_WARN_SUSPICIOUS_MOVE = YES;
				CLANG_WARN_UNGUARDED_AVAILABILITY = YES_AGGRESSIVE;
				CLANG_WARN_UNREACHABLE_CODE = YES;
				CLANG_WARN__DUPLICATE_METHOD_MATCH = YES;
				CODE_SIGN_IDENTITY = "iPhone Developer";
				COPY_PHASE_STRIP = NO;
				DEBUG_INFORMATION_FORMAT = "dwarf-with-dsym";
				ENABLE_NS_ASSERTIONS = NO;
				ENABLE_STRICT_OBJC_MSGSEND = YES;
				GCC_C_LANGUAGE_STANDARD = gnu11;
				GCC_NO_COMMON_BLOCKS = YES;
				GCC_WARN_64_TO_32_BIT_CONVERSION = YES;
				GCC_WARN_ABOUT_RETURN_TYPE = YES_ERROR;
				GCC_WARN_UNDECLARED_SELECTOR = YES;
				GCC_WARN_UNINITIALIZED_AUTOS = YES_AGGRESSIVE;
				GCC_WARN_UNUSED_FUNCTION = YES;
				GCC_WARN_UNUSED_VARIABLE = YES;
				IPHONEOS_DEPLOYMENT_TARGET = 12.1;
				MTL_ENABLE_DEBUG_INFO = NO;
				MTL_FAST_MATH = YES;
				SDKROOT = iphoneos;
				SWIFT_COMPILATION_MODE = wholemodule;
				SWIFT_OPTIMIZATION_LEVEL = "-O";
				VALIDATE_PRODUCT = YES;
			};
			name = Release;
		};
		EA0F40212238F6DB0095F368 /* Debug */ = {
			isa = XCBuildConfiguration;
			baseConfigurationReference = 2BBDCD5878632805205F97CC /* Pods-MyTimeSW.debug.xcconfig */;
			buildSettings = {
				ASSETCATALOG_COMPILER_APPICON_NAME = AppIcon;
				CODE_SIGN_STYLE = Automatic;
				DEVELOPMENT_TEAM = UE34H3A44R;
				INFOPLIST_FILE = MyTimeSW/Info.plist;
				IPHONEOS_DEPLOYMENT_TARGET = 11.0;
				LD_RUNPATH_SEARCH_PATHS = (
					"$(inherited)",
					"@executable_path/Frameworks",
				);
				PRODUCT_BUNDLE_IDENTIFIER = com.lps.MyTimeSW;
				PRODUCT_NAME = "$(TARGET_NAME)";
				SWIFT_VERSION = 4.2;
				TARGETED_DEVICE_FAMILY = 1;
			};
			name = Debug;
		};
		EA0F40222238F6DB0095F368 /* Release */ = {
			isa = XCBuildConfiguration;
			baseConfigurationReference = FF2468F31379D78AEBA2DFD4 /* Pods-MyTimeSW.release.xcconfig */;
			buildSettings = {
				ASSETCATALOG_COMPILER_APPICON_NAME = AppIcon;
				CODE_SIGN_STYLE = Automatic;
				DEVELOPMENT_TEAM = UE34H3A44R;
				INFOPLIST_FILE = MyTimeSW/Info.plist;
				IPHONEOS_DEPLOYMENT_TARGET = 11.0;
				LD_RUNPATH_SEARCH_PATHS = (
					"$(inherited)",
					"@executable_path/Frameworks",
				);
				PRODUCT_BUNDLE_IDENTIFIER = com.lps.MyTimeSW;
				PRODUCT_NAME = "$(TARGET_NAME)";
				SWIFT_VERSION = 4.2;
				TARGETED_DEVICE_FAMILY = 1;
			};
			name = Release;
		};
		EA0F40242238F6DB0095F368 /* Debug */ = {
			isa = XCBuildConfiguration;
			baseConfigurationReference = 3BF436BE53933BB320C990B4 /* Pods-MyTimeSWTests.debug.xcconfig */;
			buildSettings = {
				ALWAYS_EMBED_SWIFT_STANDARD_LIBRARIES = YES;
				BUNDLE_LOADER = "$(TEST_HOST)";
				CODE_SIGN_STYLE = Automatic;
				DEVELOPMENT_TEAM = UE34H3A44R;
				INFOPLIST_FILE = MyTimeSWTests/Info.plist;
				LD_RUNPATH_SEARCH_PATHS = (
					"$(inherited)",
					"@executable_path/Frameworks",
					"@loader_path/Frameworks",
				);
				PRODUCT_BUNDLE_IDENTIFIER = com.lps.MyTimeSWTests;
				PRODUCT_NAME = "$(TARGET_NAME)";
				SWIFT_VERSION = 4.2;
				TARGETED_DEVICE_FAMILY = "1,2";
				TEST_HOST = "$(BUILT_PRODUCTS_DIR)/MyTimeSW.app/MyTimeSW";
			};
			name = Debug;
		};
		EA0F40252238F6DB0095F368 /* Release */ = {
			isa = XCBuildConfiguration;
			baseConfigurationReference = 3361FAFF2FEF1928BEE1BFA2 /* Pods-MyTimeSWTests.release.xcconfig */;
			buildSettings = {
				ALWAYS_EMBED_SWIFT_STANDARD_LIBRARIES = YES;
				BUNDLE_LOADER = "$(TEST_HOST)";
				CODE_SIGN_STYLE = Automatic;
				DEVELOPMENT_TEAM = UE34H3A44R;
				INFOPLIST_FILE = MyTimeSWTests/Info.plist;
				LD_RUNPATH_SEARCH_PATHS = (
					"$(inherited)",
					"@executable_path/Frameworks",
					"@loader_path/Frameworks",
				);
				PRODUCT_BUNDLE_IDENTIFIER = com.lps.MyTimeSWTests;
				PRODUCT_NAME = "$(TARGET_NAME)";
				SWIFT_VERSION = 4.2;
				TARGETED_DEVICE_FAMILY = "1,2";
				TEST_HOST = "$(BUILT_PRODUCTS_DIR)/MyTimeSW.app/MyTimeSW";
			};
			name = Release;
		};
/* End XCBuildConfiguration section */

/* Begin XCConfigurationList section */
		EA0F3FFE2238F6D80095F368 /* Build configuration list for PBXProject "MyTimeSW" */ = {
			isa = XCConfigurationList;
			buildConfigurations = (
				EA0F401E2238F6DB0095F368 /* Debug */,
				EA0F401F2238F6DB0095F368 /* Release */,
			);
			defaultConfigurationIsVisible = 0;
			defaultConfigurationName = Release;
		};
		EA0F40202238F6DB0095F368 /* Build configuration list for PBXNativeTarget "MyTimeSW" */ = {
			isa = XCConfigurationList;
			buildConfigurations = (
				EA0F40212238F6DB0095F368 /* Debug */,
				EA0F40222238F6DB0095F368 /* Release */,
			);
			defaultConfigurationIsVisible = 0;
			defaultConfigurationName = Release;
		};
		EA0F40232238F6DB0095F368 /* Build configuration list for PBXNativeTarget "MyTimeSWTests" */ = {
			isa = XCConfigurationList;
			buildConfigurations = (
				EA0F40242238F6DB0095F368 /* Debug */,
				EA0F40252238F6DB0095F368 /* Release */,
			);
			defaultConfigurationIsVisible = 0;
			defaultConfigurationName = Release;
		};
/* End XCConfigurationList section */
	};
	rootObject = EA0F3FFB2238F6D80095F368 /* Project object */;
}
